
Microsoft Visual Studio Solution File, Format Version 12.00
# Visual Studio Version 16
VisualStudioVersion = 16.0.29009.5
MinimumVisualStudioVersion = 10.0.40219.1
Project("{FAE04EC0-301F-11D3-BF4B-00C04F79EFBC}") = "Counter.ConsoleApp", "ConsoleAppCounter\Counter.ConsoleApp.csproj", "{98B0E2C6-D01A-4D3D-B544-4DB15B414A4C}"
EndProject
Project("{FAE04EC0-301F-11D3-BF4B-00C04F79EFBC}") = "Counter.WindowsFormsApp", "WindowsFormsAppCounter\Counter.WindowsFormsApp.csproj", "{859013DD-32F7-4F5B-AE9C-A2AB47F46510}"
EndProject
Project("{FAE04EC0-301F-11D3-BF4B-00C04F79EFBC}") = "Counter.ClassLibrary", "ClassLibraryCounter\Counter.ClassLibrary.csproj", "{9F726EEC-D0EE-4FA6-996F-197C93308409}"
EndProject
Global
	GlobalSection(SolutionConfigurationPlatforms) = preSolution
		Debug|Any CPU = Debug|Any CPU
		Release|Any CPU = Release|Any CPU
	EndGlobalSection
	GlobalSection(ProjectConfigurationPlatforms) = postSolution
		{98B0E2C6-D01A-4D3D-B544-4DB15B414A4C}.Debug|Any CPU.ActiveCfg = Debug|Any CPU
		{98B0E2C6-D01A-4D3D-B544-4DB15B414A4C}.Debug|Any CPU.Build.0 = Debug|Any CPU
		{98B0E2C6-D01A-4D3D-B544-4DB15B414A4C}.Release|Any CPU.ActiveCfg = Release|Any CPU
		{98B0E2C6-D01A-4D3D-B544-4DB15B414A4C}.Release|Any CPU.Build.0 = Release|Any CPU
		{859013DD-32F7-4F5B-AE9C-A2AB47F46510}.Debug|Any CPU.ActiveCfg = Debug|Any CPU
		{859013DD-32F7-4F5B-AE9C-A2AB47F46510}.Debug|Any CPU.Build.0 = Debug|Any CPU
		{859013DD-32F7-4F5B-AE9C-A2AB47F46510}.Release|Any CPU.ActiveCfg = Release|Any CPU
		{859013DD-32F7-4F5B-AE9C-A2AB47F46510}.Release|Any CPU.Build.0 = Release|Any CPU
		{9F726EEC-D0EE-4FA6-996F-197C93308409}.Debug|Any CPU.ActiveCfg = Debug|Any CPU
		{9F726EEC-D0EE-4FA6-996F-197C93308409}.Debug|Any CPU.Build.0 = Debug|Any CPU
		{9F726EEC-D0EE-4FA6-996F-197C93308409}.Release|Any CPU.ActiveCfg = Release|Any CPU
		{9F726EEC-D0EE-4FA6-996F-197C93308409}.Release|Any CPU.Build.0 = Release|Any CPU
	EndGlobalSection
	GlobalSection(SolutionProperties) = preSolution
		HideSolutionNode = FALSE
	EndGlobalSection
	GlobalSection(ExtensibilityGlobals) = postSolution
		SolutionGuid = {D1F7DEDE-EB66-4FF1-B6BF-F0ADCAD9F10F}
	EndGlobalSection
EndGlobal
